
Microsoft Visual Studio Solution File, Format Version 12.00
# Visual Studio 14
VisualStudioVersion = 14.0.23107.0
MinimumVisualStudioVersion = 10.0.40219.1
Project("{FAE04EC0-301F-11D3-BF4B-00C04F79EFBC}") = "Converter", "Converter\Converter\Converter.csproj", "{3326091A-609C-47A7-8071-7D5D9F1AE436}"
EndProject
Project("{FAE04EC0-301F-11D3-BF4B-00C04F79EFBC}") = "IValueConverterImplementation", "IValueConverterImplementation\IValueConverterImplementation.csproj", "{613668C1-8AA3-4847-81CC-550F8B9DAD3A}"
EndProject
Project("{FAE04EC0-301F-11D3-BF4B-00C04F79EFBC}") = "CustomBehavior", "CustomBehavior\CustomBehavior.csproj", "{FBFBF17D-E42C-4E37-B53E-52EB828BADF6}"
EndProject
Project("{FAE04EC0-301F-11D3-BF4B-00C04F79EFBC}") = "InheritingFromXamlsControls", "InheritingFromXamlsControls\InheritingFromXamlsControls.csproj", "{5101C336-1EB5-4D8F-946F-114A194489E9}"
EndProject
Project("{FAE04EC0-301F-11D3-BF4B-00C04F79EFBC}") = "CreatingCustomXamlControls", "CreatingCustomXamlControls\CreatingCustomXamlControls.csproj", "{64A5E912-766F-448D-9F31-D75F3F23C4EB}"
EndProject
Global
	GlobalSection(SolutionConfigurationPlatforms) = preSolution
		Debug|ARM = Debug|ARM
		Debug|x64 = Debug|x64
		Debug|x86 = Debug|x86
		Release|ARM = Release|ARM
		Release|x64 = Release|x64
		Release|x86 = Release|x86
	EndGlobalSection
	GlobalSection(ProjectConfigurationPlatforms) = postSolution
		{3326091A-609C-47A7-8071-7D5D9F1AE436}.Debug|ARM.ActiveCfg = Debug|ARM
		{3326091A-609C-47A7-8071-7D5D9F1AE436}.Debug|ARM.Build.0 = Debug|ARM
		{3326091A-609C-47A7-8071-7D5D9F1AE436}.Debug|ARM.Deploy.0 = Debug|ARM
		{3326091A-609C-47A7-8071-7D5D9F1AE436}.Debug|x64.ActiveCfg = Debug|x64
		{3326091A-609C-47A7-8071-7D5D9F1AE436}.Debug|x64.Build.0 = Debug|x64
		{3326091A-609C-47A7-8071-7D5D9F1AE436}.Debug|x64.Deploy.0 = Debug|x64
		{3326091A-609C-47A7-8071-7D5D9F1AE436}.Debug|x86.ActiveCfg = Debug|x86
		{3326091A-609C-47A7-8071-7D5D9F1AE436}.Debug|x86.Build.0 = Debug|x86
		{3326091A-609C-47A7-8071-7D5D9F1AE436}.Debug|x86.Deploy.0 = Debug|x86
		{3326091A-609C-47A7-8071-7D5D9F1AE436}.Release|ARM.ActiveCfg = Release|ARM
		{3326091A-609C-47A7-8071-7D5D9F1AE436}.Release|ARM.Build.0 = Release|ARM
		{3326091A-609C-47A7-8071-7D5D9F1AE436}.Release|ARM.Deploy.0 = Release|ARM
		{3326091A-609C-47A7-8071-7D5D9F1AE436}.Release|x64.ActiveCfg = Release|x64
		{3326091A-609C-47A7-8071-7D5D9F1AE436}.Release|x64.Build.0 = Release|x64
		{3326091A-609C-47A7-8071-7D5D9F1AE436}.Release|x64.Deploy.0 = Release|x64
		{3326091A-609C-47A7-8071-7D5D9F1AE436}.Release|x86.ActiveCfg = Release|x86
		{3326091A-609C-47A7-8071-7D5D9F1AE436}.Release|x86.Build.0 = Release|x86
		{3326091A-609C-47A7-8071-7D5D9F1AE436}.Release|x86.Deploy.0 = Release|x86
		{613668C1-8AA3-4847-81CC-550F8B9DAD3A}.Debug|ARM.ActiveCfg = Debug|ARM
		{613668C1-8AA3-4847-81CC-550F8B9DAD3A}.Debug|ARM.Build.0 = Debug|ARM
		{613668C1-8AA3-4847-81CC-550F8B9DAD3A}.Debug|ARM.Deploy.0 = Debug|ARM
		{613668C1-8AA3-4847-81CC-550F8B9DAD3A}.Debug|x64.ActiveCfg = Debug|x64
		{613668C1-8AA3-4847-81CC-550F8B9DAD3A}.Debug|x64.Build.0 = Debug|x64
		{613668C1-8AA3-4847-81CC-550F8B9DAD3A}.Debug|x64.Deploy.0 = Debug|x64
		{613668C1-8AA3-4847-81CC-550F8B9DAD3A}.Debug|x86.ActiveCfg = Debug|x86
		{613668C1-8AA3-4847-81CC-550F8B9DAD3A}.Debug|x86.Build.0 = Debug|x86
		{613668C1-8AA3-4847-81CC-550F8B9DAD3A}.Debug|x86.Deploy.0 = Debug|x86
		{613668C1-8AA3-4847-81CC-550F8B9DAD3A}.Release|ARM.ActiveCfg = Release|ARM
		{613668C1-8AA3-4847-81CC-550F8B9DAD3A}.Release|ARM.Build.0 = Release|ARM
		{613668C1-8AA3-4847-81CC-550F8B9DAD3A}.Release|ARM.Deploy.0 = Release|ARM
		{613668C1-8AA3-4847-81CC-550F8B9DAD3A}.Release|x64.ActiveCfg = Release|x64
		{613668C1-8AA3-4847-81CC-550F8B9DAD3A}.Release|x64.Build.0 = Release|x64
		{613668C1-8AA3-4847-81CC-550F8B9DAD3A}.Release|x64.Deploy.0 = Release|x64
		{613668C1-8AA3-4847-81CC-550F8B9DAD3A}.Release|x86.ActiveCfg = Release|x86
		{613668C1-8AA3-4847-81CC-550F8B9DAD3A}.Release|x86.Build.0 = Release|x86
		{613668C1-8AA3-4847-81CC-550F8B9DAD3A}.Release|x86.Deploy.0 = Release|x86
		{FBFBF17D-E42C-4E37-B53E-52EB828BADF6}.Debug|ARM.ActiveCfg = Debug|ARM
		{FBFBF17D-E42C-4E37-B53E-52EB828BADF6}.Debug|ARM.Build.0 = Debug|ARM
		{FBFBF17D-E42C-4E37-B53E-52EB828BADF6}.Debug|ARM.Deploy.0 = Debug|ARM
		{FBFBF17D-E42C-4E37-B53E-52EB828BADF6}.Debug|x64.ActiveCfg = Debug|x64
		{FBFBF17D-E42C-4E37-B53E-52EB828BADF6}.Debug|x64.Build.0 = Debug|x64
		{FBFBF17D-E42C-4E37-B53E-52EB828BADF6}.Debug|x64.Deploy.0 = Debug|x64
		{FBFBF17D-E42C-4E37-B53E-52EB828BADF6}.Debug|x86.ActiveCfg = Debug|x86
		{FBFBF17D-E42C-4E37-B53E-52EB828BADF6}.Debug|x86.Build.0 = Debug|x86
		{FBFBF17D-E42C-4E37-B53E-52EB828BADF6}.Debug|x86.Deploy.0 = Debug|x86
		{FBFBF17D-E42C-4E37-B53E-52EB828BADF6}.Release|ARM.ActiveCfg = Release|ARM
		{FBFBF17D-E42C-4E37-B53E-52EB828BADF6}.Release|ARM.Build.0 = Release|ARM
		{FBFBF17D-E42C-4E37-B53E-52EB828BADF6}.Release|ARM.Deploy.0 = Release|ARM
		{FBFBF17D-E42C-4E37-B53E-52EB828BADF6}.Release|x64.ActiveCfg = Release|x64
		{FBFBF17D-E42C-4E37-B53E-52EB828BADF6}.Release|x64.Build.0 = Release|x64
		{FBFBF17D-E42C-4E37-B53E-52EB828BADF6}.Release|x64.Deploy.0 = Release|x64
		{FBFBF17D-E42C-4E37-B53E-52EB828BADF6}.Release|x86.ActiveCfg = Release|x86
		{FBFBF17D-E42C-4E37-B53E-52EB828BADF6}.Release|x86.Build.0 = Release|x86
		{FBFBF17D-E42C-4E37-B53E-52EB828BADF6}.Release|x86.Deploy.0 = Release|x86
		{5101C336-1EB5-4D8F-946F-114A194489E9}.Debug|ARM.ActiveCfg = Debug|ARM
		{5101C336-1EB5-4D8F-946F-114A194489E9}.Debug|ARM.Build.0 = Debug|ARM
		{5101C336-1EB5-4D8F-946F-114A194489E9}.Debug|ARM.Deploy.0 = Debug|ARM
		{5101C336-1EB5-4D8F-946F-114A194489E9}.Debug|x64.ActiveCfg = Debug|x64
		{5101C336-1EB5-4D8F-946F-114A194489E9}.Debug|x64.Build.0 = Debug|x64
		{5101C336-1EB5-4D8F-946F-114A194489E9}.Debug|x64.Deploy.0 = Debug|x64
		{5101C336-1EB5-4D8F-946F-114A194489E9}.Debug|x86.ActiveCfg = Debug|x86
		{5101C336-1EB5-4D8F-946F-114A194489E9}.Debug|x86.Build.0 = Debug|x86
		{5101C336-1EB5-4D8F-946F-114A194489E9}.Debug|x86.Deploy.0 = Debug|x86
		{5101C336-1EB5-4D8F-946F-114A194489E9}.Release|ARM.ActiveCfg = Release|ARM
		{5101C336-1EB5-4D8F-946F-114A194489E9}.Release|ARM.Build.0 = Release|ARM
		{5101C336-1EB5-4D8F-946F-114A194489E9}.Release|ARM.Deploy.0 = Release|ARM
		{5101C336-1EB5-4D8F-946F-114A194489E9}.Release|x64.ActiveCfg = Release|x64
		{5101C336-1EB5-4D8F-946F-114A194489E9}.Release|x64.Build.0 = Release|x64
		{5101C336-1EB5-4D8F-946F-114A194489E9}.Release|x64.Deploy.0 = Release|x64
		{5101C336-1EB5-4D8F-946F-114A194489E9}.Release|x86.ActiveCfg = Release|x86
		{5101C336-1EB5-4D8F-946F-114A194489E9}.Release|x86.Build.0 = Release|x86
		{5101C336-1EB5-4D8F-946F-114A194489E9}.Release|x86.Deploy.0 = Release|x86
		{64A5E912-766F-448D-9F31-D75F3F23C4EB}.Debug|ARM.ActiveCfg = Debug|ARM
		{64A5E912-766F-448D-9F31-D75F3F23C4EB}.Debug|ARM.Build.0 = Debug|ARM
		{64A5E912-766F-448D-9F31-D75F3F23C4EB}.Debug|ARM.Deploy.0 = Debug|ARM
		{64A5E912-766F-448D-9F31-D75F3F23C4EB}.Debug|x64.ActiveCfg = Debug|x64
		{64A5E912-766F-448D-9F31-D75F3F23C4EB}.Debug|x64.Build.0 = Debug|x64
		{64A5E912-766F-448D-9F31-D75F3F23C4EB}.Debug|x64.Deploy.0 = Debug|x64
		{64A5E912-766F-448D-9F31-D75F3F23C4EB}.Debug|x86.ActiveCfg = Debug|x86
		{64A5E912-766F-448D-9F31-D75F3F23C4EB}.Debug|x86.Build.0 = Debug|x86
		{64A5E912-766F-448D-9F31-D75F3F23C4EB}.Debug|x86.Deploy.0 = Debug|x86
		{64A5E912-766F-448D-9F31-D75F3F23C4EB}.Release|ARM.ActiveCfg = Release|ARM
		{64A5E912-766F-448D-9F31-D75F3F23C4EB}.Release|ARM.Build.0 = Release|ARM
		{64A5E912-766F-448D-9F31-D75F3F23C4EB}.Release|ARM.Deploy.0 = Release|ARM
		{64A5E912-766F-448D-9F31-D75F3F23C4EB}.Release|x64.ActiveCfg = Release|x64
		{64A5E912-766F-448D-9F31-D75F3F23C4EB}.Release|x64.Build.0 = Release|x64
		{64A5E912-766F-448D-9F31-D75F3F23C4EB}.Release|x64.Deploy.0 = Release|x64
		{64A5E912-766F-448D-9F31-D75F3F23C4EB}.Release|x86.ActiveCfg = Release|x86
		{64A5E912-766F-448D-9F31-D75F3F23C4EB}.Release|x86.Build.0 = Release|x86
		{64A5E912-766F-448D-9F31-D75F3F23C4EB}.Release|x86.Deploy.0 = Release|x86
	EndGlobalSection
	GlobalSection(SolutionProperties) = preSolution
		HideSolutionNode = FALSE
	EndGlobalSection
EndGlobal
