
Microsoft Visual Studio Solution File, Format Version 12.00
# Visual Studio 14
VisualStudioVersion = 14.0.23107.0
MinimumVisualStudioVersion = 10.0.40219.1
Project("{FAE04EC0-301F-11D3-BF4B-00C04F79EFBC}") = "ReTemplateControl", "ReTemplateControl\ReTemplateControl\ReTemplateControl.csproj", "{A2B9DDD4-8B0C-48EB-AB5A-DF8BC481C105}"
EndProject
Project("{FAE04EC0-301F-11D3-BF4B-00C04F79EFBC}") = "DataTemplate", "DataTemplate\DataTemplate.csproj", "{304F6724-8B3E-4949-962A-AE74AD2CCA63}"
EndProject
Project("{FAE04EC0-301F-11D3-BF4B-00C04F79EFBC}") = "TemplateForListItems", "TemplateForListItems\TemplateForListItems.csproj", "{9F30B081-DE2B-4F28-840E-A8EB750055DB}"
EndProject
Project("{FAE04EC0-301F-11D3-BF4B-00C04F79EFBC}") = "ControlStyle", "ControlStyle\ControlStyle.csproj", "{633C8760-657B-4E71-995A-24BF74B0F4DE}"
EndProject
Project("{FAE04EC0-301F-11D3-BF4B-00C04F79EFBC}") = "StylesInResourceDictionaries", "StylesInResourceDictionaries\StylesInResourceDictionaries.csproj", "{E39D03CC-6E4F-4FE9-9481-0310290DD437}"
EndProject
Global
	GlobalSection(SolutionConfigurationPlatforms) = preSolution
		Debug|ARM = Debug|ARM
		Debug|x64 = Debug|x64
		Debug|x86 = Debug|x86
		Release|ARM = Release|ARM
		Release|x64 = Release|x64
		Release|x86 = Release|x86
	EndGlobalSection
	GlobalSection(ProjectConfigurationPlatforms) = postSolution
		{A2B9DDD4-8B0C-48EB-AB5A-DF8BC481C105}.Debug|ARM.ActiveCfg = Debug|ARM
		{A2B9DDD4-8B0C-48EB-AB5A-DF8BC481C105}.Debug|ARM.Build.0 = Debug|ARM
		{A2B9DDD4-8B0C-48EB-AB5A-DF8BC481C105}.Debug|ARM.Deploy.0 = Debug|ARM
		{A2B9DDD4-8B0C-48EB-AB5A-DF8BC481C105}.Debug|x64.ActiveCfg = Debug|x64
		{A2B9DDD4-8B0C-48EB-AB5A-DF8BC481C105}.Debug|x64.Build.0 = Debug|x64
		{A2B9DDD4-8B0C-48EB-AB5A-DF8BC481C105}.Debug|x64.Deploy.0 = Debug|x64
		{A2B9DDD4-8B0C-48EB-AB5A-DF8BC481C105}.Debug|x86.ActiveCfg = Debug|x86
		{A2B9DDD4-8B0C-48EB-AB5A-DF8BC481C105}.Debug|x86.Build.0 = Debug|x86
		{A2B9DDD4-8B0C-48EB-AB5A-DF8BC481C105}.Debug|x86.Deploy.0 = Debug|x86
		{A2B9DDD4-8B0C-48EB-AB5A-DF8BC481C105}.Release|ARM.ActiveCfg = Release|ARM
		{A2B9DDD4-8B0C-48EB-AB5A-DF8BC481C105}.Release|ARM.Build.0 = Release|ARM
		{A2B9DDD4-8B0C-48EB-AB5A-DF8BC481C105}.Release|ARM.Deploy.0 = Release|ARM
		{A2B9DDD4-8B0C-48EB-AB5A-DF8BC481C105}.Release|x64.ActiveCfg = Release|x64
		{A2B9DDD4-8B0C-48EB-AB5A-DF8BC481C105}.Release|x64.Build.0 = Release|x64
		{A2B9DDD4-8B0C-48EB-AB5A-DF8BC481C105}.Release|x64.Deploy.0 = Release|x64
		{A2B9DDD4-8B0C-48EB-AB5A-DF8BC481C105}.Release|x86.ActiveCfg = Release|x86
		{A2B9DDD4-8B0C-48EB-AB5A-DF8BC481C105}.Release|x86.Build.0 = Release|x86
		{A2B9DDD4-8B0C-48EB-AB5A-DF8BC481C105}.Release|x86.Deploy.0 = Release|x86
		{304F6724-8B3E-4949-962A-AE74AD2CCA63}.Debug|ARM.ActiveCfg = Debug|ARM
		{304F6724-8B3E-4949-962A-AE74AD2CCA63}.Debug|ARM.Build.0 = Debug|ARM
		{304F6724-8B3E-4949-962A-AE74AD2CCA63}.Debug|ARM.Deploy.0 = Debug|ARM
		{304F6724-8B3E-4949-962A-AE74AD2CCA63}.Debug|x64.ActiveCfg = Debug|x64
		{304F6724-8B3E-4949-962A-AE74AD2CCA63}.Debug|x64.Build.0 = Debug|x64
		{304F6724-8B3E-4949-962A-AE74AD2CCA63}.Debug|x64.Deploy.0 = Debug|x64
		{304F6724-8B3E-4949-962A-AE74AD2CCA63}.Debug|x86.ActiveCfg = Debug|x86
		{304F6724-8B3E-4949-962A-AE74AD2CCA63}.Debug|x86.Build.0 = Debug|x86
		{304F6724-8B3E-4949-962A-AE74AD2CCA63}.Debug|x86.Deploy.0 = Debug|x86
		{304F6724-8B3E-4949-962A-AE74AD2CCA63}.Release|ARM.ActiveCfg = Release|ARM
		{304F6724-8B3E-4949-962A-AE74AD2CCA63}.Release|ARM.Build.0 = Release|ARM
		{304F6724-8B3E-4949-962A-AE74AD2CCA63}.Release|ARM.Deploy.0 = Release|ARM
		{304F6724-8B3E-4949-962A-AE74AD2CCA63}.Release|x64.ActiveCfg = Release|x64
		{304F6724-8B3E-4949-962A-AE74AD2CCA63}.Release|x64.Build.0 = Release|x64
		{304F6724-8B3E-4949-962A-AE74AD2CCA63}.Release|x64.Deploy.0 = Release|x64
		{304F6724-8B3E-4949-962A-AE74AD2CCA63}.Release|x86.ActiveCfg = Release|x86
		{304F6724-8B3E-4949-962A-AE74AD2CCA63}.Release|x86.Build.0 = Release|x86
		{304F6724-8B3E-4949-962A-AE74AD2CCA63}.Release|x86.Deploy.0 = Release|x86
		{9F30B081-DE2B-4F28-840E-A8EB750055DB}.Debug|ARM.ActiveCfg = Debug|ARM
		{9F30B081-DE2B-4F28-840E-A8EB750055DB}.Debug|ARM.Build.0 = Debug|ARM
		{9F30B081-DE2B-4F28-840E-A8EB750055DB}.Debug|ARM.Deploy.0 = Debug|ARM
		{9F30B081-DE2B-4F28-840E-A8EB750055DB}.Debug|x64.ActiveCfg = Debug|x64
		{9F30B081-DE2B-4F28-840E-A8EB750055DB}.Debug|x64.Build.0 = Debug|x64
		{9F30B081-DE2B-4F28-840E-A8EB750055DB}.Debug|x64.Deploy.0 = Debug|x64
		{9F30B081-DE2B-4F28-840E-A8EB750055DB}.Debug|x86.ActiveCfg = Debug|x86
		{9F30B081-DE2B-4F28-840E-A8EB750055DB}.Debug|x86.Build.0 = Debug|x86
		{9F30B081-DE2B-4F28-840E-A8EB750055DB}.Debug|x86.Deploy.0 = Debug|x86
		{9F30B081-DE2B-4F28-840E-A8EB750055DB}.Release|ARM.ActiveCfg = Release|ARM
		{9F30B081-DE2B-4F28-840E-A8EB750055DB}.Release|ARM.Build.0 = Release|ARM
		{9F30B081-DE2B-4F28-840E-A8EB750055DB}.Release|ARM.Deploy.0 = Release|ARM
		{9F30B081-DE2B-4F28-840E-A8EB750055DB}.Release|x64.ActiveCfg = Release|x64
		{9F30B081-DE2B-4F28-840E-A8EB750055DB}.Release|x64.Build.0 = Release|x64
		{9F30B081-DE2B-4F28-840E-A8EB750055DB}.Release|x64.Deploy.0 = Release|x64
		{9F30B081-DE2B-4F28-840E-A8EB750055DB}.Release|x86.ActiveCfg = Release|x86
		{9F30B081-DE2B-4F28-840E-A8EB750055DB}.Release|x86.Build.0 = Release|x86
		{9F30B081-DE2B-4F28-840E-A8EB750055DB}.Release|x86.Deploy.0 = Release|x86
		{633C8760-657B-4E71-995A-24BF74B0F4DE}.Debug|ARM.ActiveCfg = Debug|ARM
		{633C8760-657B-4E71-995A-24BF74B0F4DE}.Debug|ARM.Build.0 = Debug|ARM
		{633C8760-657B-4E71-995A-24BF74B0F4DE}.Debug|ARM.Deploy.0 = Debug|ARM
		{633C8760-657B-4E71-995A-24BF74B0F4DE}.Debug|x64.ActiveCfg = Debug|x64
		{633C8760-657B-4E71-995A-24BF74B0F4DE}.Debug|x64.Build.0 = Debug|x64
		{633C8760-657B-4E71-995A-24BF74B0F4DE}.Debug|x64.Deploy.0 = Debug|x64
		{633C8760-657B-4E71-995A-24BF74B0F4DE}.Debug|x86.ActiveCfg = Debug|x86
		{633C8760-657B-4E71-995A-24BF74B0F4DE}.Debug|x86.Build.0 = Debug|x86
		{633C8760-657B-4E71-995A-24BF74B0F4DE}.Debug|x86.Deploy.0 = Debug|x86
		{633C8760-657B-4E71-995A-24BF74B0F4DE}.Release|ARM.ActiveCfg = Release|ARM
		{633C8760-657B-4E71-995A-24BF74B0F4DE}.Release|ARM.Build.0 = Release|ARM
		{633C8760-657B-4E71-995A-24BF74B0F4DE}.Release|ARM.Deploy.0 = Release|ARM
		{633C8760-657B-4E71-995A-24BF74B0F4DE}.Release|x64.ActiveCfg = Release|x64
		{633C8760-657B-4E71-995A-24BF74B0F4DE}.Release|x64.Build.0 = Release|x64
		{633C8760-657B-4E71-995A-24BF74B0F4DE}.Release|x64.Deploy.0 = Release|x64
		{633C8760-657B-4E71-995A-24BF74B0F4DE}.Release|x86.ActiveCfg = Release|x86
		{633C8760-657B-4E71-995A-24BF74B0F4DE}.Release|x86.Build.0 = Release|x86
		{633C8760-657B-4E71-995A-24BF74B0F4DE}.Release|x86.Deploy.0 = Release|x86
		{E39D03CC-6E4F-4FE9-9481-0310290DD437}.Debug|ARM.ActiveCfg = Debug|ARM
		{E39D03CC-6E4F-4FE9-9481-0310290DD437}.Debug|ARM.Build.0 = Debug|ARM
		{E39D03CC-6E4F-4FE9-9481-0310290DD437}.Debug|ARM.Deploy.0 = Debug|ARM
		{E39D03CC-6E4F-4FE9-9481-0310290DD437}.Debug|x64.ActiveCfg = Debug|x64
		{E39D03CC-6E4F-4FE9-9481-0310290DD437}.Debug|x64.Build.0 = Debug|x64
		{E39D03CC-6E4F-4FE9-9481-0310290DD437}.Debug|x64.Deploy.0 = Debug|x64
		{E39D03CC-6E4F-4FE9-9481-0310290DD437}.Debug|x86.ActiveCfg = Debug|x86
		{E39D03CC-6E4F-4FE9-9481-0310290DD437}.Debug|x86.Build.0 = Debug|x86
		{E39D03CC-6E4F-4FE9-9481-0310290DD437}.Debug|x86.Deploy.0 = Debug|x86
		{E39D03CC-6E4F-4FE9-9481-0310290DD437}.Release|ARM.ActiveCfg = Release|ARM
		{E39D03CC-6E4F-4FE9-9481-0310290DD437}.Release|ARM.Build.0 = Release|ARM
		{E39D03CC-6E4F-4FE9-9481-0310290DD437}.Release|ARM.Deploy.0 = Release|ARM
		{E39D03CC-6E4F-4FE9-9481-0310290DD437}.Release|x64.ActiveCfg = Release|x64
		{E39D03CC-6E4F-4FE9-9481-0310290DD437}.Release|x64.Build.0 = Release|x64
		{E39D03CC-6E4F-4FE9-9481-0310290DD437}.Release|x64.Deploy.0 = Release|x64
		{E39D03CC-6E4F-4FE9-9481-0310290DD437}.Release|x86.ActiveCfg = Release|x86
		{E39D03CC-6E4F-4FE9-9481-0310290DD437}.Release|x86.Build.0 = Release|x86
		{E39D03CC-6E4F-4FE9-9481-0310290DD437}.Release|x86.Deploy.0 = Release|x86
	EndGlobalSection
	GlobalSection(SolutionProperties) = preSolution
		HideSolutionNode = FALSE
	EndGlobalSection
EndGlobal
